
Microsoft Visual Studio Solution File, Format Version 12.00
# Visual Studio Version 17
VisualStudioVersion = 17.3.32922.545
MinimumVisualStudioVersion = 10.0.40219.1
Project("{FAE04EC0-301F-11D3-BF4B-00C04F79EFBC}") = "BackendApi", "BackendApi\BackendApi.csproj", "{C640E4E6-EA3F-49CA-BB93-26FF0E752E8A}"
EndProject
Project("{FAE04EC0-301F-11D3-BF4B-00C04F79EFBC}") = "DataAccess", "..\DataAccess\DataAccess.csproj", "{603E3984-C98B-47B8-A47F-822C88570EC6}"
EndProject
Project("{FAE04EC0-301F-11D3-BF4B-00C04F79EFBC}") = "Domain", "..\Domain\Domain.csproj", "{BBF331F2-8644-4FE7-86DE-88C762FDB63F}"
EndProject
Project("{FAE04EC0-301F-11D3-BF4B-00C04F79EFBC}") = "BusinessLogic", "..\BusinessLogic\BusinessLogic.csproj", "{34ED5FC5-9E0B-4FE0-AE1C-CCA80B71EAB2}"
EndProject
Global
	GlobalSection(SolutionConfigurationPlatforms) = preSolution
		Debug|Any CPU = Debug|Any CPU
		Release|Any CPU = Release|Any CPU
	EndGlobalSection
	GlobalSection(ProjectConfigurationPlatforms) = postSolution
		{C640E4E6-EA3F-49CA-BB93-26FF0E752E8A}.Debug|Any CPU.ActiveCfg = Debug|Any CPU
		{C640E4E6-EA3F-49CA-BB93-26FF0E752E8A}.Debug|Any CPU.Build.0 = Debug|Any CPU
		{C640E4E6-EA3F-49CA-BB93-26FF0E752E8A}.Release|Any CPU.ActiveCfg = Release|Any CPU
		{C640E4E6-EA3F-49CA-BB93-26FF0E752E8A}.Release|Any CPU.Build.0 = Release|Any CPU
		{603E3984-C98B-47B8-A47F-822C88570EC6}.Debug|Any CPU.ActiveCfg = Debug|Any CPU
		{603E3984-C98B-47B8-A47F-822C88570EC6}.Debug|Any CPU.Build.0 = Debug|Any CPU
		{603E3984-C98B-47B8-A47F-822C88570EC6}.Release|Any CPU.ActiveCfg = Release|Any CPU
		{603E3984-C98B-47B8-A47F-822C88570EC6}.Release|Any CPU.Build.0 = Release|Any CPU
		{BBF331F2-8644-4FE7-86DE-88C762FDB63F}.Debug|Any CPU.ActiveCfg = Debug|Any CPU
		{BBF331F2-8644-4FE7-86DE-88C762FDB63F}.Debug|Any CPU.Build.0 = Debug|Any CPU
		{BBF331F2-8644-4FE7-86DE-88C762FDB63F}.Release|Any CPU.ActiveCfg = Release|Any CPU
		{BBF331F2-8644-4FE7-86DE-88C762FDB63F}.Release|Any CPU.Build.0 = Release|Any CPU
		{34ED5FC5-9E0B-4FE0-AE1C-CCA80B71EAB2}.Debug|Any CPU.ActiveCfg = Debug|Any CPU
		{34ED5FC5-9E0B-4FE0-AE1C-CCA80B71EAB2}.Debug|Any CPU.Build.0 = Debug|Any CPU
		{34ED5FC5-9E0B-4FE0-AE1C-CCA80B71EAB2}.Release|Any CPU.ActiveCfg = Release|Any CPU
		{34ED5FC5-9E0B-4FE0-AE1C-CCA80B71EAB2}.Release|Any CPU.Build.0 = Release|Any CPU
	EndGlobalSection
	GlobalSection(SolutionProperties) = preSolution
		HideSolutionNode = FALSE
	EndGlobalSection
	GlobalSection(ExtensibilityGlobals) = postSolution
		SolutionGuid = {4783F9EE-D4EB-4ABB-9C63-799A2D0271A2}
	EndGlobalSection
EndGlobal
